
Microsoft Visual Studio Solution File, Format Version 12.00
# Visual Studio Version 16
VisualStudioVersion = 16.0.30406.217
MinimumVisualStudioVersion = 10.0.40219.1
Project("{FAE04EC0-301F-11D3-BF4B-00C04F79EFBC}") = "TodoApi", "TodoApi\TodoApi.csproj", "{2DDF4887-0DA4-4C01-B5BD-E305EB04E3EB}"
EndProject
Global
	GlobalSection(SolutionConfigurationPlatforms) = preSolution
		Debug|Any CPU = Debug|Any CPU
		Release|Any CPU = Release|Any CPU
	EndGlobalSection
	GlobalSection(ProjectConfigurationPlatforms) = postSolution
		{2DDF4887-0DA4-4C01-B5BD-E305EB04E3EB}.Debug|Any CPU.ActiveCfg = Debug|Any CPU
		{2DDF4887-0DA4-4C01-B5BD-E305EB04E3EB}.Debug|Any CPU.Build.0 = Debug|Any CPU
		{2DDF4887-0DA4-4C01-B5BD-E305EB04E3EB}.Release|Any CPU.ActiveCfg = Release|Any CPU
		{2DDF4887-0DA4-4C01-B5BD-E305EB04E3EB}.Release|Any CPU.Build.0 = Release|Any CPU
	EndGlobalSection
	GlobalSection(SolutionProperties) = preSolution
		HideSolutionNode = FALSE
	EndGlobalSection
	GlobalSection(ExtensibilityGlobals) = postSolution
		SolutionGuid = {05EDA2F1-9C03-4098-9A73-A791AF9F51AD}
	EndGlobalSection
EndGlobal
