
Microsoft Visual Studio Solution File, Format Version 12.00
# Visual Studio Version 16
VisualStudioVersion = 16.0.30204.135
MinimumVisualStudioVersion = 10.0.40219.1
Project("{FAE04EC0-301F-11D3-BF4B-00C04F79EFBC}") = "Notes.Android", "Notes\Notes.Android\Notes.Android.csproj", "{E3F701CA-EB5B-43B4-9F97-D9B361339A89}"
EndProject
Project("{FAE04EC0-301F-11D3-BF4B-00C04F79EFBC}") = "Notes.iOS", "Notes\Notes.iOS\Notes.iOS.csproj", "{7F71B2BD-9DC4-4C93-AFF3-C15103B6763B}"
EndProject
Project("{FAE04EC0-301F-11D3-BF4B-00C04F79EFBC}") = "Notes", "Notes\Notes\Notes.csproj", "{115386AA-A7BE-4101-AA59-E9404805A164}"
EndProject
Global
	GlobalSection(SolutionConfigurationPlatforms) = preSolution
		Debug|Any CPU = Debug|Any CPU
		Debug|iPhone = Debug|iPhone
		Debug|iPhoneSimulator = Debug|iPhoneSimulator
		Release|Any CPU = Release|Any CPU
		Release|iPhone = Release|iPhone
		Release|iPhoneSimulator = Release|iPhoneSimulator
	EndGlobalSection
	GlobalSection(ProjectConfigurationPlatforms) = postSolution
		{E3F701CA-EB5B-43B4-9F97-D9B361339A89}.Debug|Any CPU.ActiveCfg = Debug|Any CPU
		{E3F701CA-EB5B-43B4-9F97-D9B361339A89}.Debug|Any CPU.Build.0 = Debug|Any CPU
		{E3F701CA-EB5B-43B4-9F97-D9B361339A89}.Debug|Any CPU.Deploy.0 = Debug|Any CPU
		{E3F701CA-EB5B-43B4-9F97-D9B361339A89}.Debug|iPhone.ActiveCfg = Debug|Any CPU
		{E3F701CA-EB5B-43B4-9F97-D9B361339A89}.Debug|iPhone.Build.0 = Debug|Any CPU
		{E3F701CA-EB5B-43B4-9F97-D9B361339A89}.Debug|iPhone.Deploy.0 = Debug|Any CPU
		{E3F701CA-EB5B-43B4-9F97-D9B361339A89}.Debug|iPhoneSimulator.ActiveCfg = Debug|Any CPU
		{E3F701CA-EB5B-43B4-9F97-D9B361339A89}.Debug|iPhoneSimulator.Build.0 = Debug|Any CPU
		{E3F701CA-EB5B-43B4-9F97-D9B361339A89}.Debug|iPhoneSimulator.Deploy.0 = Debug|Any CPU
		{E3F701CA-EB5B-43B4-9F97-D9B361339A89}.Release|Any CPU.ActiveCfg = Release|Any CPU
		{E3F701CA-EB5B-43B4-9F97-D9B361339A89}.Release|Any CPU.Build.0 = Release|Any CPU
		{E3F701CA-EB5B-43B4-9F97-D9B361339A89}.Release|Any CPU.Deploy.0 = Release|Any CPU
		{E3F701CA-EB5B-43B4-9F97-D9B361339A89}.Release|iPhone.ActiveCfg = Release|Any CPU
		{E3F701CA-EB5B-43B4-9F97-D9B361339A89}.Release|iPhone.Build.0 = Release|Any CPU
		{E3F701CA-EB5B-43B4-9F97-D9B361339A89}.Release|iPhone.Deploy.0 = Release|Any CPU
		{E3F701CA-EB5B-43B4-9F97-D9B361339A89}.Release|iPhoneSimulator.ActiveCfg = Release|Any CPU
		{E3F701CA-EB5B-43B4-9F97-D9B361339A89}.Release|iPhoneSimulator.Build.0 = Release|Any CPU
		{E3F701CA-EB5B-43B4-9F97-D9B361339A89}.Release|iPhoneSimulator.Deploy.0 = Release|Any CPU
		{7F71B2BD-9DC4-4C93-AFF3-C15103B6763B}.Debug|Any CPU.ActiveCfg = Debug|iPhone
		{7F71B2BD-9DC4-4C93-AFF3-C15103B6763B}.Debug|Any CPU.Build.0 = Debug|iPhone
		{7F71B2BD-9DC4-4C93-AFF3-C15103B6763B}.Debug|Any CPU.Deploy.0 = Debug|iPhone
		{7F71B2BD-9DC4-4C93-AFF3-C15103B6763B}.Debug|iPhone.ActiveCfg = Debug|iPhone
		{7F71B2BD-9DC4-4C93-AFF3-C15103B6763B}.Debug|iPhone.Build.0 = Debug|iPhone
		{7F71B2BD-9DC4-4C93-AFF3-C15103B6763B}.Debug|iPhone.Deploy.0 = Debug|iPhone
		{7F71B2BD-9DC4-4C93-AFF3-C15103B6763B}.Debug|iPhoneSimulator.ActiveCfg = Debug|iPhoneSimulator
		{7F71B2BD-9DC4-4C93-AFF3-C15103B6763B}.Debug|iPhoneSimulator.Build.0 = Debug|iPhoneSimulator
		{7F71B2BD-9DC4-4C93-AFF3-C15103B6763B}.Debug|iPhoneSimulator.Deploy.0 = Debug|iPhoneSimulator
		{7F71B2BD-9DC4-4C93-AFF3-C15103B6763B}.Release|Any CPU.ActiveCfg = Release|iPhone
		{7F71B2BD-9DC4-4C93-AFF3-C15103B6763B}.Release|Any CPU.Build.0 = Release|iPhone
		{7F71B2BD-9DC4-4C93-AFF3-C15103B6763B}.Release|Any CPU.Deploy.0 = Release|iPhone
		{7F71B2BD-9DC4-4C93-AFF3-C15103B6763B}.Release|iPhone.ActiveCfg = Release|iPhone
		{7F71B2BD-9DC4-4C93-AFF3-C15103B6763B}.Release|iPhone.Build.0 = Release|iPhone
		{7F71B2BD-9DC4-4C93-AFF3-C15103B6763B}.Release|iPhone.Deploy.0 = Release|iPhone
		{7F71B2BD-9DC4-4C93-AFF3-C15103B6763B}.Release|iPhoneSimulator.ActiveCfg = Release|iPhoneSimulator
		{7F71B2BD-9DC4-4C93-AFF3-C15103B6763B}.Release|iPhoneSimulator.Build.0 = Release|iPhoneSimulator
		{7F71B2BD-9DC4-4C93-AFF3-C15103B6763B}.Release|iPhoneSimulator.Deploy.0 = Release|iPhoneSimulator
		{115386AA-A7BE-4101-AA59-E9404805A164}.Debug|Any CPU.ActiveCfg = Debug|Any CPU
		{115386AA-A7BE-4101-AA59-E9404805A164}.Debug|Any CPU.Build.0 = Debug|Any CPU
		{115386AA-A7BE-4101-AA59-E9404805A164}.Debug|Any CPU.Deploy.0 = Debug|Any CPU
		{115386AA-A7BE-4101-AA59-E9404805A164}.Debug|iPhone.ActiveCfg = Debug|Any CPU
		{115386AA-A7BE-4101-AA59-E9404805A164}.Debug|iPhone.Build.0 = Debug|Any CPU
		{115386AA-A7BE-4101-AA59-E9404805A164}.Debug|iPhone.Deploy.0 = Debug|Any CPU
		{115386AA-A7BE-4101-AA59-E9404805A164}.Debug|iPhoneSimulator.ActiveCfg = Debug|Any CPU
		{115386AA-A7BE-4101-AA59-E9404805A164}.Debug|iPhoneSimulator.Build.0 = Debug|Any CPU
		{115386AA-A7BE-4101-AA59-E9404805A164}.Debug|iPhoneSimulator.Deploy.0 = Debug|Any CPU
		{115386AA-A7BE-4101-AA59-E9404805A164}.Release|Any CPU.ActiveCfg = Release|Any CPU
		{115386AA-A7BE-4101-AA59-E9404805A164}.Release|Any CPU.Build.0 = Release|Any CPU
		{115386AA-A7BE-4101-AA59-E9404805A164}.Release|Any CPU.Deploy.0 = Release|Any CPU
		{115386AA-A7BE-4101-AA59-E9404805A164}.Release|iPhone.ActiveCfg = Release|Any CPU
		{115386AA-A7BE-4101-AA59-E9404805A164}.Release|iPhone.Build.0 = Release|Any CPU
		{115386AA-A7BE-4101-AA59-E9404805A164}.Release|iPhone.Deploy.0 = Release|Any CPU
		{115386AA-A7BE-4101-AA59-E9404805A164}.Release|iPhoneSimulator.ActiveCfg = Release|Any CPU
		{115386AA-A7BE-4101-AA59-E9404805A164}.Release|iPhoneSimulator.Build.0 = Release|Any CPU
		{115386AA-A7BE-4101-AA59-E9404805A164}.Release|iPhoneSimulator.Deploy.0 = Release|Any CPU
	EndGlobalSection
	GlobalSection(SolutionProperties) = preSolution
		HideSolutionNode = FALSE
	EndGlobalSection
	GlobalSection(ExtensibilityGlobals) = postSolution
		SolutionGuid = {34AB0143-7FB2-4294-A7E6-50B9F6A09C49}
	EndGlobalSection
EndGlobal
